// !$*UTF8*$!
{
	archiveVersion = 1;
	classes = {
	};
	objectVersion = 46;
	objects = {

/* Begin PBXBuildFile section */
		F67745C31F4F3FE100179AAC /* main.cpp in Sources */ = {isa = PBXBuildFile; fileRef = F67745C21F4F3FE100179AAC /* main.cpp */; };
		F67745CB1F4F403E00179AAC /* TaxCalculator.cpp in Sources */ = {isa = PBXBuildFile; fileRef = F67745C91F4F403E00179AAC /* TaxCalculator.cpp */; };
/* End PBXBuildFile section */

/* Begin PBXCopyFilesBuildPhase section */
		F67745BD1F4F3FE100179AAC /* CopyFiles */ = {
			isa = PBXCopyFilesBuildPhase;
			buildActionMask = 2147483647;
			dstPath = /usr/share/man/man1/;
			dstSubfolderSpec = 0;
			files = (
			);
			runOnlyForDeploymentPostprocessing = 1;
		};
/* End PBXCopyFilesBuildPhase section */

/* Begin PBXFileReference section */
		F67745BF1F4F3FE100179AAC /* HW1_SalesTax */ = {isa = PBXFileReference; explicitFileType = "compiled.mach-o.executable"; includeInIndex = 0; path = HW1_SalesTax; sourceTree = BUILT_PRODUCTS_DIR; };
		F67745C21F4F3FE100179AAC /* main.cpp */ = {isa = PBXFileReference; lastKnownFileType = sourcecode.cpp.cpp; path = main.cpp; sourceTree = "<group>"; };
		F67745C91F4F403E00179AAC /* TaxCalculator.cpp */ = {isa = PBXFileReference; fileEncoding = 4; lastKnownFileType = sourcecode.cpp.cpp; path = TaxCalculator.cpp; sourceTree = "<group>"; };
		F6FFC3551F4F62A400E8D294 /* TaxCalculator.h */ = {isa = PBXFileReference; fileEncoding = 4; lastKnownFileType = sourcecode.c.h; path = TaxCalculator.h; sourceTree = "<group>"; };
/* End PBXFileReference section */

/* Begin PBXFrameworksBuildPhase section */
		F67745BC1F4F3FE100179AAC /* Frameworks */ = {
			isa = PBXFrameworksBuildPhase;
			buildActionMask = 2147483647;
			files = (
			);
			runOnlyForDeploymentPostprocessing = 0;
		};
/* End PBXFrameworksBuildPhase section */

/* Begin PBXGroup section */
		F67745B61F4F3FE100179AAC = {
			isa = PBXGroup;
			children = (
				F67745C11F4F3FE100179AAC /* HW1_SalesTax */,
				F67745C01F4F3FE100179AAC /* Products */,
			);
			sourceTree = "<group>";
		};
		F67745C01F4F3FE100179AAC /* Products */ = {
			isa = PBXGroup;
			children = (
				F67745BF1F4F3FE100179AAC /* HW1_SalesTax */,
			);
			name = Products;
			sourceTree = "<group>";
		};
		F67745C11F4F3FE100179AAC /* HW1_SalesTax */ = {
			isa = PBXGroup;
			children = (
				F6FFC3551F4F62A400E8D294 /* TaxCalculator.h */,
				F67745C91F4F403E00179AAC /* TaxCalculator.cpp */,
				F67745C21F4F3FE100179AAC /* main.cpp */,
			);
			path = HW1_SalesTax;
			sourceTree = "<group>";
		};
/* End PBXGroup section */

/* Begin PBXNativeTarget section */
		F67745BE1F4F3FE100179AAC /* HW1_SalesTax */ = {
			isa = PBXNativeTarget;
			buildConfigurationList = F67745C61F4F3FE100179AAC /* Build configuration list for PBXNativeTarget "HW1_SalesTax" */;
			buildPhases = (
				F67745BB1F4F3FE100179AAC /* Sources */,
				F67745BC1F4F3FE100179AAC /* Frameworks */,
				F67745BD1F4F3FE100179AAC /* CopyFiles */,
			);
			buildRules = (
			);
			dependencies = (
			);
			name = HW1_SalesTax;
			productName = HW1_SalesTax;
			productReference = F67745BF1F4F3FE100179AAC /* HW1_SalesTax */;
			productType = "com.apple.product-type.tool";
		};
/* End PBXNativeTarget section */

/* Begin PBXProject section */
		F67745B71F4F3FE100179AAC /* Project object */ = {
			isa = PBXProject;
			attributes = {
				LastUpgradeCheck = 0830;
				ORGANIZATIONNAME = TheLoneWoof;
				TargetAttributes = {
					F67745BE1F4F3FE100179AAC = {
						CreatedOnToolsVersion = 8.3.3;
						DevelopmentTeam = 67YC69LN92;
						ProvisioningStyle = Automatic;
					};
				};
			};
			buildConfigurationList = F67745BA1F4F3FE100179AAC /* Build configuration list for PBXProject "HW1_SalesTax" */;
			compatibilityVersion = "Xcode 3.2";
			developmentRegion = English;
			hasScannedForEncodings = 0;
			knownRegions = (
				en,
			);
			mainGroup = F67745B61F4F3FE100179AAC;
			productRefGroup = F67745C01F4F3FE100179AAC /* Products */;
			projectDirPath = "";
			projectRoot = "";
			targets = (
				F67745BE1F4F3FE100179AAC /* HW1_SalesTax */,
			);
		};
/* End PBXProject section */

/* Begin PBXSourcesBuildPhase section */
		F67745BB1F4F3FE100179AAC /* Sources */ = {
			isa = PBXSourcesBuildPhase;
			buildActionMask = 2147483647;
			files = (
				F67745C31F4F3FE100179AAC /* main.cpp in Sources */,
				F67745CB1F4F403E00179AAC /* TaxCalculator.cpp in Sources */,
			);
			runOnlyForDeploymentPostprocessing = 0;
		};
/* End PBXSourcesBuildPhase section */

/* Begin XCBuildConfiguration section */
		F67745C41F4F3FE100179AAC /* Debug */ = {
			isa = XCBuildConfiguration;
			buildSettings = {
				ALWAYS_SEARCH_USER_PATHS = NO;
				CLANG_ANALYZER_NONNULL = YES;
				CLANG_ANALYZER_NUMBER_OBJECT_CONVERSION = YES_AGGRESSIVE;
				CLANG_CXX_LANGUAGE_STANDARD = "gnu++0x";
				CLANG_CXX_LIBRARY = "libc++";
				CLANG_ENABLE_MODULES = YES;
				CLANG_ENABLE_OBJC_ARC = YES;
				CLANG_WARN_BOOL_CONVERSION = YES;
				CLANG_WARN_CONSTANT_CONVERSION = YES;
				CLANG_WARN_DIRECT_OBJC_ISA_USAGE = YES_ERROR;
				CLANG_WARN_DOCUMENTATION_COMMENTS = YES;
				CLANG_WARN_EMPTY_BODY = YES;
				CLANG_WARN_ENUM_CONVERSION = YES;
				CLANG_WARN_INFINITE_RECURSION = YES;
				CLANG_WARN_INT_CONVERSION = YES;
				CLANG_WARN_OBJC_ROOT_CLASS = YES_ERROR;
				CLANG_WARN_SUSPICIOUS_MOVE = YES;
				CLANG_WARN_UNREACHABLE_CODE = YES;
				CLANG_WARN__DUPLICATE_METHOD_MATCH = YES;
				CODE_SIGN_IDENTITY = "-";
				COPY_PHASE_STRIP = NO;
				DEBUG_INFORMATION_FORMAT = dwarf;
				ENABLE_STRICT_OBJC_MSGSEND = YES;
				ENABLE_TESTABILITY = YES;
				GCC_C_LANGUAGE_STANDARD = gnu99;
				GCC_DYNAMIC_NO_PIC = NO;
				GCC_NO_COMMON_BLOCKS = YES;
				GCC_OPTIMIZATION_LEVEL = 0;
				GCC_PREPROCESSOR_DEFINITIONS = (
					"DEBUG=1",
					"$(inherited)",
				);
				GCC_WARN_64_TO_32_BIT_CONVERSION = YES;
				GCC_WARN_ABOUT_RETURN_TYPE = YES_ERROR;
				GCC_WARN_UNDECLARED_SELECTOR = YES;
				GCC_WARN_UNINITIALIZED_AUTOS = YES_AGGRESSIVE;
				GCC_WARN_UNUSED_FUNCTION = YES;
				GCC_WARN_UNUSED_VARIABLE = YES;
				MACOSX_DEPLOYMENT_TARGET = 10.12;
				MTL_ENABLE_DEBUG_INFO = YES;
				ONLY_ACTIVE_ARCH = YES;
				SDKROOT = macosx;
			};
			name = Debug;
		};
		F67745C51F4F3FE100179AAC /* Release */ = {
			isa = XCBuildConfiguration;
			buildSettings = {
				ALWAYS_SEARCH_USER_PATHS = NO;
				CLANG_ANALYZER_NONNULL = YES;
				CLANG_ANALYZER_NUMBER_OBJECT_CONVERSION = YES_AGGRESSIVE;
				CLANG_CXX_LANGUAGE_STANDARD = "gnu++0x";
				CLANG_CXX_LIBRARY = "libc++";
				CLANG_ENABLE_MODULES = YES;
				CLANG_ENABLE_OBJC_ARC = YES;
				CLANG_WARN_BOOL_CONVERSION = YES;
				CLANG_WARN_CONSTANT_CONVERSION = YES;
				CLANG_WARN_DIRECT_OBJC_ISA_USAGE = YES_ERROR;
				CLANG_WARN_DOCUMENTATION_COMMENTS = YES;
				CLANG_WARN_EMPTY_BODY = YES;
				CLANG_WARN_ENUM_CONVERSION = YES;
				CLANG_WARN_INFINITE_RECURSION = YES;
				CLANG_WARN_INT_CONVERSION = YES;
				CLANG_WARN_OBJC_ROOT_CLASS = YES_ERROR;
				CLANG_WARN_SUSPICIOUS_MOVE = YES;
				CLANG_WARN_UNREACHABLE_CODE = YES;
				CLANG_WARN__DUPLICATE_METHOD_MATCH = YES;
				CODE_SIGN_IDENTITY = "-";
				COPY_PHASE_STRIP = NO;
				DEBUG_INFORMATION_FORMAT = "dwarf-with-dsym";
				ENABLE_NS_ASSERTIONS = NO;
				ENABLE_STRICT_OBJC_MSGSEND = YES;
				GCC_C_LANGUAGE_STANDARD = gnu99;
				GCC_NO_COMMON_BLOCKS = YES;
				GCC_WARN_64_TO_32_BIT_CONVERSION = YES;
				GCC_WARN_ABOUT_RETURN_TYPE = YES_ERROR;
				GCC_WARN_UNDECLARED_SELECTOR = YES;
				GCC_WARN_UNINITIALIZED_AUTOS = YES_AGGRESSIVE;
				GCC_WARN_UNUSED_FUNCTION = YES;
				GCC_WARN_UNUSED_VARIABLE = YES;
				MACOSX_DEPLOYMENT_TARGET = 10.12;
				MTL_ENABLE_DEBUG_INFO = NO;
				SDKROOT = macosx;
			};
			name = Release;
		};
		F67745C71F4F3FE100179AAC /* Debug */ = {
			isa = XCBuildConfiguration;
			buildSettings = {
				DEVELOPMENT_TEAM = 67YC69LN92;
				OTHER_LDFLAGS = "";
				PRODUCT_NAME = "$(TARGET_NAME)";
			};
			name = Debug;
		};
		F67745C81F4F3FE100179AAC /* Release */ = {
			isa = XCBuildConfiguration;
			buildSettings = {
				DEVELOPMENT_TEAM = 67YC69LN92;
				OTHER_LDFLAGS = "";
				"OTHER_LDFLAGS[arch=*]" = "";
				PRODUCT_NAME = "$(TARGET_NAME)";
			};
			name = Release;
		};
/* End XCBuildConfiguration section */

/* Begin XCConfigurationList section */
		F67745BA1F4F3FE100179AAC /* Build configuration list for PBXProject "HW1_SalesTax" */ = {
			isa = XCConfigurationList;
			buildConfigurations = (
				F67745C41F4F3FE100179AAC /* Debug */,
				F67745C51F4F3FE100179AAC /* Release */,
			);
			defaultConfigurationIsVisible = 0;
			defaultConfigurationName = Release;
		};
		F67745C61F4F3FE100179AAC /* Build configuration list for PBXNativeTarget "HW1_SalesTax" */ = {
			isa = XCConfigurationList;
			buildConfigurations = (
				F67745C71F4F3FE100179AAC /* Debug */,
				F67745C81F4F3FE100179AAC /* Release */,
			);
			defaultConfigurationIsVisible = 0;
			defaultConfigurationName = Release;
		};
/* End XCConfigurationList section */
	};
	rootObject = F67745B71F4F3FE100179AAC /* Project object */;
}
